
Microsoft Visual Studio Solution File, Format Version 12.00
# Visual Studio Version 17
VisualStudioVersion = 17.10.35122.118
MinimumVisualStudioVersion = 10.0.40219.1
Project("{FAE04EC0-301F-11D3-BF4B-00C04F79EFBC}") = "WpfApp1", "WpfApp1\WpfApp1.csproj", "{F5F193CD-6072-4446-80C5-2D414831A8E3}"
EndProject
Global
	GlobalSection(SolutionConfigurationPlatforms) = preSolution
		Debug|Any CPU = Debug|Any CPU
		Release|Any CPU = Release|Any CPU
	EndGlobalSection
	GlobalSection(ProjectConfigurationPlatforms) = postSolution
		{F5F193CD-6072-4446-80C5-2D414831A8E3}.Debug|Any CPU.ActiveCfg = Debug|Any CPU
		{F5F193CD-6072-4446-80C5-2D414831A8E3}.Debug|Any CPU.Build.0 = Debug|Any CPU
		{F5F193CD-6072-4446-80C5-2D414831A8E3}.Release|Any CPU.ActiveCfg = Release|Any CPU
		{F5F193CD-6072-4446-80C5-2D414831A8E3}.Release|Any CPU.Build.0 = Release|Any CPU
	EndGlobalSection
	GlobalSection(SolutionProperties) = preSolution
		HideSolutionNode = FALSE
	EndGlobalSection
	GlobalSection(ExtensibilityGlobals) = postSolution
		SolutionGuid = {CB4EB4AD-4082-4020-8B75-D78EB14A9A22}
	EndGlobalSection
EndGlobal
